
Microsoft Visual Studio Solution File, Format Version 12.00
# Visual Studio 15
VisualStudioVersion = 15.0.26730.16
MinimumVisualStudioVersion = 10.0.40219.1
Project("{FAE04EC0-301F-11D3-BF4B-00C04F79EFBC}") = "Lab4", "Lab4\Lab4.csproj", "{35CB78D4-239C-4A71-A354-F106AC44731E}"
EndProject
Global
	GlobalSection(SolutionConfigurationPlatforms) = preSolution
		Debug|Any CPU = Debug|Any CPU
		Release|Any CPU = Release|Any CPU
	EndGlobalSection
	GlobalSection(ProjectConfigurationPlatforms) = postSolution
		{35CB78D4-239C-4A71-A354-F106AC44731E}.Debug|Any CPU.ActiveCfg = Debug|Any CPU
		{35CB78D4-239C-4A71-A354-F106AC44731E}.Debug|Any CPU.Build.0 = Debug|Any CPU
		{35CB78D4-239C-4A71-A354-F106AC44731E}.Release|Any CPU.ActiveCfg = Release|Any CPU
		{35CB78D4-239C-4A71-A354-F106AC44731E}.Release|Any CPU.Build.0 = Release|Any CPU
	EndGlobalSection
	GlobalSection(SolutionProperties) = preSolution
		HideSolutionNode = FALSE
	EndGlobalSection
	GlobalSection(ExtensibilityGlobals) = postSolution
		SolutionGuid = {63AAA14D-F895-4127-B673-8882ADC5E7FD}
	EndGlobalSection
EndGlobal
